
Microsoft Visual Studio Solution File, Format Version 12.00
# Visual Studio Version 16
VisualStudioVersion = 16.0.31025.194
MinimumVisualStudioVersion = 10.0.40219.1
Project("{FAE04EC0-301F-11D3-BF4B-00C04F79EFBC}") = "LauncherForUsers", "LauncherForUsers.csproj", "{B1401A5F-355B-4AE9-A3A4-D09A5FEC51D6}"
EndProject
Global
	GlobalSection(SolutionConfigurationPlatforms) = preSolution
		Debug|Any CPU = Debug|Any CPU
		Release|Any CPU = Release|Any CPU
	EndGlobalSection
	GlobalSection(ProjectConfigurationPlatforms) = postSolution
		{B1401A5F-355B-4AE9-A3A4-D09A5FEC51D6}.Debug|Any CPU.ActiveCfg = Debug|Any CPU
		{B1401A5F-355B-4AE9-A3A4-D09A5FEC51D6}.Debug|Any CPU.Build.0 = Debug|Any CPU
		{B1401A5F-355B-4AE9-A3A4-D09A5FEC51D6}.Release|Any CPU.ActiveCfg = Release|Any CPU
		{B1401A5F-355B-4AE9-A3A4-D09A5FEC51D6}.Release|Any CPU.Build.0 = Release|Any CPU
	EndGlobalSection
	GlobalSection(SolutionProperties) = preSolution
		HideSolutionNode = FALSE
	EndGlobalSection
	GlobalSection(ExtensibilityGlobals) = postSolution
		SolutionGuid = {213E6A0C-9159-43BB-896D-09D18849C794}
	EndGlobalSection
EndGlobal
